// !$*UTF8*$!
{
	archiveVersion = 1;
	classes = {
	};
	objectVersion = 46;
	objects = {

/* Begin PBXBuildFile section */
		54E066231A827A59002F141B /* main.m in Sources */ = {isa = PBXBuildFile; fileRef = 54E066221A827A59002F141B /* main.m */; };
		54E066261A827A59002F141B /* AppDelegate.m in Sources */ = {isa = PBXBuildFile; fileRef = 54E066251A827A59002F141B /* AppDelegate.m */; };
		54E066291A827A59002F141B /* ViewController.m in Sources */ = {isa = PBXBuildFile; fileRef = 54E066281A827A59002F141B /* ViewController.m */; };
		54E0662C1A827A59002F141B /* Main.storyboard in Resources */ = {isa = PBXBuildFile; fileRef = 54E0662A1A827A59002F141B /* Main.storyboard */; };
		54E0662E1A827A59002F141B /* Images.xcassets in Resources */ = {isa = PBXBuildFile; fileRef = 54E0662D1A827A59002F141B /* Images.xcassets */; };
		54E066311A827A59002F141B /* LaunchScreen.xib in Resources */ = {isa = PBXBuildFile; fileRef = 54E0662F1A827A59002F141B /* LaunchScreen.xib */; };
		54E0663D1A827A5A002F141B /* AnimationTests.m in Sources */ = {isa = PBXBuildFile; fileRef = 54E0663C1A827A5A002F141B /* AnimationTests.m */; };
		54E066481A827AB1002F141B /* AnimatedView.m in Sources */ = {isa = PBXBuildFile; fileRef = 54E066471A827AB1002F141B /* AnimatedView.m */; };
		54E0664A1A827AFB002F141B /* AnimatedView.xib in Resources */ = {isa = PBXBuildFile; fileRef = 54E066491A827AFB002F141B /* AnimatedView.xib */; };
		54E0664D1A82808E002F141B /* DonutView.m in Sources */ = {isa = PBXBuildFile; fileRef = 54E0664C1A82808E002F141B /* DonutView.m */; };
/* End PBXBuildFile section */

/* Begin PBXContainerItemProxy section */
		54E066371A827A5A002F141B /* PBXContainerItemProxy */ = {
			isa = PBXContainerItemProxy;
			containerPortal = 54E066151A827A59002F141B /* Project object */;
			proxyType = 1;
			remoteGlobalIDString = 54E0661C1A827A59002F141B;
			remoteInfo = Animation;
		};
/* End PBXContainerItemProxy section */

/* Begin PBXFileReference section */
		54E0661D1A827A59002F141B /* Animation.app */ = {isa = PBXFileReference; explicitFileType = wrapper.application; includeInIndex = 0; path = Animation.app; sourceTree = BUILT_PRODUCTS_DIR; };
		54E066211A827A59002F141B /* Info.plist */ = {isa = PBXFileReference; lastKnownFileType = text.plist.xml; path = Info.plist; sourceTree = "<group>"; };
		54E066221A827A59002F141B /* main.m */ = {isa = PBXFileReference; lastKnownFileType = sourcecode.c.objc; path = main.m; sourceTree = "<group>"; };
		54E066241A827A59002F141B /* AppDelegate.h */ = {isa = PBXFileReference; lastKnownFileType = sourcecode.c.h; path = AppDelegate.h; sourceTree = "<group>"; };
		54E066251A827A59002F141B /* AppDelegate.m */ = {isa = PBXFileReference; lastKnownFileType = sourcecode.c.objc; path = AppDelegate.m; sourceTree = "<group>"; };
		54E066271A827A59002F141B /* ViewController.h */ = {isa = PBXFileReference; lastKnownFileType = sourcecode.c.h; path = ViewController.h; sourceTree = "<group>"; };
		54E066281A827A59002F141B /* ViewController.m */ = {isa = PBXFileReference; lastKnownFileType = sourcecode.c.objc; path = ViewController.m; sourceTree = "<group>"; };
		54E0662B1A827A59002F141B /* Base */ = {isa = PBXFileReference; lastKnownFileType = file.storyboard; name = Base; path = Base.lproj/Main.storyboard; sourceTree = "<group>"; };
		54E0662D1A827A59002F141B /* Images.xcassets */ = {isa = PBXFileReference; lastKnownFileType = folder.assetcatalog; path = Images.xcassets; sourceTree = "<group>"; };
		54E066301A827A59002F141B /* Base */ = {isa = PBXFileReference; lastKnownFileType = file.xib; name = Base; path = Base.lproj/LaunchScreen.xib; sourceTree = "<group>"; };
		54E066361A827A5A002F141B /* AnimationTests.xctest */ = {isa = PBXFileReference; explicitFileType = wrapper.cfbundle; includeInIndex = 0; path = AnimationTests.xctest; sourceTree = BUILT_PRODUCTS_DIR; };
		54E0663B1A827A5A002F141B /* Info.plist */ = {isa = PBXFileReference; lastKnownFileType = text.plist.xml; path = Info.plist; sourceTree = "<group>"; };
		54E0663C1A827A5A002F141B /* AnimationTests.m */ = {isa = PBXFileReference; lastKnownFileType = sourcecode.c.objc; path = AnimationTests.m; sourceTree = "<group>"; };
		54E066461A827AB1002F141B /* AnimatedView.h */ = {isa = PBXFileReference; fileEncoding = 4; lastKnownFileType = sourcecode.c.h; path = AnimatedView.h; sourceTree = "<group>"; };
		54E066471A827AB1002F141B /* AnimatedView.m */ = {isa = PBXFileReference; fileEncoding = 4; lastKnownFileType = sourcecode.c.objc; path = AnimatedView.m; sourceTree = "<group>"; };
		54E066491A827AFB002F141B /* AnimatedView.xib */ = {isa = PBXFileReference; fileEncoding = 4; lastKnownFileType = file.xib; path = AnimatedView.xib; sourceTree = "<group>"; };
		54E0664B1A82808E002F141B /* DonutView.h */ = {isa = PBXFileReference; fileEncoding = 4; lastKnownFileType = sourcecode.c.h; path = DonutView.h; sourceTree = "<group>"; };
		54E0664C1A82808E002F141B /* DonutView.m */ = {isa = PBXFileReference; fileEncoding = 4; lastKnownFileType = sourcecode.c.objc; path = DonutView.m; sourceTree = "<group>"; };
/* End PBXFileReference section */

/* Begin PBXFrameworksBuildPhase section */
		54E0661A1A827A59002F141B /* Frameworks */ = {
			isa = PBXFrameworksBuildPhase;
			buildActionMask = 2147483647;
			files = (
			);
			runOnlyForDeploymentPostprocessing = 0;
		};
		54E066331A827A5A002F141B /* Frameworks */ = {
			isa = PBXFrameworksBuildPhase;
			buildActionMask = 2147483647;
			files = (
			);
			runOnlyForDeploymentPostprocessing = 0;
		};
/* End PBXFrameworksBuildPhase section */

/* Begin PBXGroup section */
		54E066141A827A59002F141B = {
			isa = PBXGroup;
			children = (
				54E0661F1A827A59002F141B /* Animation */,
				54E066391A827A5A002F141B /* AnimationTests */,
				54E0661E1A827A59002F141B /* Products */,
			);
			sourceTree = "<group>";
		};
		54E0661E1A827A59002F141B /* Products */ = {
			isa = PBXGroup;
			children = (
				54E0661D1A827A59002F141B /* Animation.app */,
				54E066361A827A5A002F141B /* AnimationTests.xctest */,
			);
			name = Products;
			sourceTree = "<group>";
		};
		54E0661F1A827A59002F141B /* Animation */ = {
			isa = PBXGroup;
			children = (
				54E066241A827A59002F141B /* AppDelegate.h */,
				54E066251A827A59002F141B /* AppDelegate.m */,
				54E066271A827A59002F141B /* ViewController.h */,
				54E066281A827A59002F141B /* ViewController.m */,
				54E0662A1A827A59002F141B /* Main.storyboard */,
				54E0662D1A827A59002F141B /* Images.xcassets */,
				54E0662F1A827A59002F141B /* LaunchScreen.xib */,
				54E066201A827A59002F141B /* Supporting Files */,
				54E066461A827AB1002F141B /* AnimatedView.h */,
				54E066471A827AB1002F141B /* AnimatedView.m */,
				54E066491A827AFB002F141B /* AnimatedView.xib */,
				54E0664B1A82808E002F141B /* DonutView.h */,
				54E0664C1A82808E002F141B /* DonutView.m */,
			);
			path = Animation;
			sourceTree = "<group>";
		};
		54E066201A827A59002F141B /* Supporting Files */ = {
			isa = PBXGroup;
			children = (
				54E066211A827A59002F141B /* Info.plist */,
				54E066221A827A59002F141B /* main.m */,
			);
			name = "Supporting Files";
			sourceTree = "<group>";
		};
		54E066391A827A5A002F141B /* AnimationTests */ = {
			isa = PBXGroup;
			children = (
				54E0663C1A827A5A002F141B /* AnimationTests.m */,
				54E0663A1A827A5A002F141B /* Supporting Files */,
			);
			path = AnimationTests;
			sourceTree = "<group>";
		};
		54E0663A1A827A5A002F141B /* Supporting Files */ = {
			isa = PBXGroup;
			children = (
				54E0663B1A827A5A002F141B /* Info.plist */,
			);
			name = "Supporting Files";
			sourceTree = "<group>";
		};
/* End PBXGroup section */

/* Begin PBXNativeTarget section */
		54E0661C1A827A59002F141B /* Animation */ = {
			isa = PBXNativeTarget;
			buildConfigurationList = 54E066401A827A5A002F141B /* Build configuration list for PBXNativeTarget "Animation" */;
			buildPhases = (
				54E066191A827A59002F141B /* Sources */,
				54E0661A1A827A59002F141B /* Frameworks */,
				54E0661B1A827A59002F141B /* Resources */,
			);
			buildRules = (
			);
			dependencies = (
			);
			name = Animation;
			productName = Animation;
			productReference = 54E0661D1A827A59002F141B /* Animation.app */;
			productType = "com.apple.product-type.application";
		};
		54E066351A827A5A002F141B /* AnimationTests */ = {
			isa = PBXNativeTarget;
			buildConfigurationList = 54E066431A827A5A002F141B /* Build configuration list for PBXNativeTarget "AnimationTests" */;
			buildPhases = (
				54E066321A827A5A002F141B /* Sources */,
				54E066331A827A5A002F141B /* Frameworks */,
				54E066341A827A5A002F141B /* Resources */,
			);
			buildRules = (
			);
			dependencies = (
				54E066381A827A5A002F141B /* PBXTargetDependency */,
			);
			name = AnimationTests;
			productName = AnimationTests;
			productReference = 54E066361A827A5A002F141B /* AnimationTests.xctest */;
			productType = "com.apple.product-type.bundle.unit-test";
		};
/* End PBXNativeTarget section */

/* Begin PBXProject section */
		54E066151A827A59002F141B /* Project object */ = {
			isa = PBXProject;
			attributes = {
				LastUpgradeCheck = 0610;
				ORGANIZATIONNAME = "Dylan Oudin";
				TargetAttributes = {
					54E0661C1A827A59002F141B = {
						CreatedOnToolsVersion = 6.1.1;
					};
					54E066351A827A5A002F141B = {
						CreatedOnToolsVersion = 6.1.1;
						TestTargetID = 54E0661C1A827A59002F141B;
					};
				};
			};
			buildConfigurationList = 54E066181A827A59002F141B /* Build configuration list for PBXProject "Animation" */;
			compatibilityVersion = "Xcode 3.2";
			developmentRegion = English;
			hasScannedForEncodings = 0;
			knownRegions = (
				en,
				Base,
			);
			mainGroup = 54E066141A827A59002F141B;
			productRefGroup = 54E0661E1A827A59002F141B /* Products */;
			projectDirPath = "";
			projectRoot = "";
			targets = (
				54E0661C1A827A59002F141B /* Animation */,
				54E066351A827A5A002F141B /* AnimationTests */,
			);
		};
/* End PBXProject section */

/* Begin PBXResourcesBuildPhase section */
		54E0661B1A827A59002F141B /* Resources */ = {
			isa = PBXResourcesBuildPhase;
			buildActionMask = 2147483647;
			files = (
				54E0662C1A827A59002F141B /* Main.storyboard in Resources */,
				54E066311A827A59002F141B /* LaunchScreen.xib in Resources */,
				54E0662E1A827A59002F141B /* Images.xcassets in Resources */,
				54E0664A1A827AFB002F141B /* AnimatedView.xib in Resources */,
			);
			runOnlyForDeploymentPostprocessing = 0;
		};
		54E066341A827A5A002F141B /* Resources */ = {
			isa = PBXResourcesBuildPhase;
			buildActionMask = 2147483647;
			files = (
			);
			runOnlyForDeploymentPostprocessing = 0;
		};
/* End PBXResourcesBuildPhase section */

/* Begin PBXSourcesBuildPhase section */
		54E066191A827A59002F141B /* Sources */ = {
			isa = PBXSourcesBuildPhase;
			buildActionMask = 2147483647;
			files = (
				54E066291A827A59002F141B /* ViewController.m in Sources */,
				54E066261A827A59002F141B /* AppDelegate.m in Sources */,
				54E066231A827A59002F141B /* main.m in Sources */,
				54E066481A827AB1002F141B /* AnimatedView.m in Sources */,
				54E0664D1A82808E002F141B /* DonutView.m in Sources */,
			);
			runOnlyForDeploymentPostprocessing = 0;
		};
		54E066321A827A5A002F141B /* Sources */ = {
			isa = PBXSourcesBuildPhase;
			buildActionMask = 2147483647;
			files = (
				54E0663D1A827A5A002F141B /* AnimationTests.m in Sources */,
			);
			runOnlyForDeploymentPostprocessing = 0;
		};
/* End PBXSourcesBuildPhase section */

/* Begin PBXTargetDependency section */
		54E066381A827A5A002F141B /* PBXTargetDependency */ = {
			isa = PBXTargetDependency;
			target = 54E0661C1A827A59002F141B /* Animation */;
			targetProxy = 54E066371A827A5A002F141B /* PBXContainerItemProxy */;
		};
/* End PBXTargetDependency section */

/* Begin PBXVariantGroup section */
		54E0662A1A827A59002F141B /* Main.storyboard */ = {
			isa = PBXVariantGroup;
			children = (
				54E0662B1A827A59002F141B /* Base */,
			);
			name = Main.storyboard;
			sourceTree = "<group>";
		};
		54E0662F1A827A59002F141B /* LaunchScreen.xib */ = {
			isa = PBXVariantGroup;
			children = (
				54E066301A827A59002F141B /* Base */,
			);
			name = LaunchScreen.xib;
			sourceTree = "<group>";
		};
/* End PBXVariantGroup section */

/* Begin XCBuildConfiguration section */
		54E0663E1A827A5A002F141B /* Debug */ = {
			isa = XCBuildConfiguration;
			buildSettings = {
				ALWAYS_SEARCH_USER_PATHS = NO;
				CLANG_CXX_LANGUAGE_STANDARD = "gnu++0x";
				CLANG_CXX_LIBRARY = "libc++";
				CLANG_ENABLE_MODULES = YES;
				CLANG_ENABLE_OBJC_ARC = YES;
				CLANG_WARN_BOOL_CONVERSION = YES;
				CLANG_WARN_CONSTANT_CONVERSION = YES;
				CLANG_WARN_DIRECT_OBJC_ISA_USAGE = YES_ERROR;
				CLANG_WARN_EMPTY_BODY = YES;
				CLANG_WARN_ENUM_CONVERSION = YES;
				CLANG_WARN_INT_CONVERSION = YES;
				CLANG_WARN_OBJC_ROOT_CLASS = YES_ERROR;
				CLANG_WARN_UNREACHABLE_CODE = YES;
				CLANG_WARN__DUPLICATE_METHOD_MATCH = YES;
				"CODE_SIGN_IDENTITY[sdk=iphoneos*]" = "iPhone Developer";
				COPY_PHASE_STRIP = NO;
				ENABLE_STRICT_OBJC_MSGSEND = YES;
				GCC_C_LANGUAGE_STANDARD = gnu99;
				GCC_DYNAMIC_NO_PIC = NO;
				GCC_OPTIMIZATION_LEVEL = 0;
				GCC_PREPROCESSOR_DEFINITIONS = (
					"DEBUG=1",
					"$(inherited)",
				);
				GCC_SYMBOLS_PRIVATE_EXTERN = NO;
				GCC_WARN_64_TO_32_BIT_CONVERSION = YES;
				GCC_WARN_ABOUT_RETURN_TYPE = YES_ERROR;
				GCC_WARN_UNDECLARED_SELECTOR = YES;
				GCC_WARN_UNINITIALIZED_AUTOS = YES_AGGRESSIVE;
				GCC_WARN_UNUSED_FUNCTION = YES;
				GCC_WARN_UNUSED_VARIABLE = YES;
				IPHONEOS_DEPLOYMENT_TARGET = 8.1;
				MTL_ENABLE_DEBUG_INFO = YES;
				ONLY_ACTIVE_ARCH = YES;
				SDKROOT = iphoneos;
				TARGETED_DEVICE_FAMILY = "1,2";
			};
			name = Debug;
		};
		54E0663F1A827A5A002F141B /* Release */ = {
			isa = XCBuildConfiguration;
			buildSettings = {
				ALWAYS_SEARCH_USER_PATHS = NO;
				CLANG_CXX_LANGUAGE_STANDARD = "gnu++0x";
				CLANG_CXX_LIBRARY = "libc++";
				CLANG_ENABLE_MODULES = YES;
				CLANG_ENABLE_OBJC_ARC = YES;
				CLANG_WARN_BOOL_CONVERSION = YES;
				CLANG_WARN_CONSTANT_CONVERSION = YES;
				CLANG_WARN_DIRECT_OBJC_ISA_USAGE = YES_ERROR;
				CLANG_WARN_EMPTY_BODY = YES;
				CLANG_WARN_ENUM_CONVERSION = YES;
				CLANG_WARN_INT_CONVERSION = YES;
				CLANG_WARN_OBJC_ROOT_CLASS = YES_ERROR;
				CLANG_WARN_UNREACHABLE_CODE = YES;
				CLANG_WARN__DUPLICATE_METHOD_MATCH = YES;
				"CODE_SIGN_IDENTITY[sdk=iphoneos*]" = "iPhone Developer";
				COPY_PHASE_STRIP = YES;
				ENABLE_NS_ASSERTIONS = NO;
				ENABLE_STRICT_OBJC_MSGSEND = YES;
				GCC_C_LANGUAGE_STANDARD = gnu99;
				GCC_WARN_64_TO_32_BIT_CONVERSION = YES;
				GCC_WARN_ABOUT_RETURN_TYPE = YES_ERROR;
				GCC_WARN_UNDECLARED_SELECTOR = YES;
				GCC_WARN_UNINITIALIZED_AUTOS = YES_AGGRESSIVE;
				GCC_WARN_UNUSED_FUNCTION = YES;
				GCC_WARN_UNUSED_VARIABLE = YES;
				IPHONEOS_DEPLOYMENT_TARGET = 8.1;
				MTL_ENABLE_DEBUG_INFO = NO;
				SDKROOT = iphoneos;
				TARGETED_DEVICE_FAMILY = "1,2";
				VALIDATE_PRODUCT = YES;
			};
			name = Release;
		};
		54E066411A827A5A002F141B /* Debug */ = {
			isa = XCBuildConfiguration;
			buildSettings = {
				ASSETCATALOG_COMPILER_APPICON_NAME = AppIcon;
				INFOPLIST_FILE = Animation/Info.plist;
				LD_RUNPATH_SEARCH_PATHS = "$(inherited) @executable_path/Frameworks";
				PRODUCT_NAME = "$(TARGET_NAME)";
			};
			name = Debug;
		};
		54E066421A827A5A002F141B /* Release */ = {
			isa = XCBuildConfiguration;
			buildSettings = {
				ASSETCATALOG_COMPILER_APPICON_NAME = AppIcon;
				INFOPLIST_FILE = Animation/Info.plist;
				LD_RUNPATH_SEARCH_PATHS = "$(inherited) @executable_path/Frameworks";
				PRODUCT_NAME = "$(TARGET_NAME)";
			};
			name = Release;
		};
		54E066441A827A5A002F141B /* Debug */ = {
			isa = XCBuildConfiguration;
			buildSettings = {
				BUNDLE_LOADER = "$(TEST_HOST)";
				FRAMEWORK_SEARCH_PATHS = (
					"$(SDKROOT)/Developer/Library/Frameworks",
					"$(inherited)",
				);
				GCC_PREPROCESSOR_DEFINITIONS = (
					"DEBUG=1",
					"$(inherited)",
				);
				INFOPLIST_FILE = AnimationTests/Info.plist;
				LD_RUNPATH_SEARCH_PATHS = "$(inherited) @executable_path/Frameworks @loader_path/Frameworks";
				PRODUCT_NAME = "$(TARGET_NAME)";
				TEST_HOST = "$(BUILT_PRODUCTS_DIR)/Animation.app/Animation";
			};
			name = Debug;
		};
		54E066451A827A5A002F141B /* Release */ = {
			isa = XCBuildConfiguration;
			buildSettings = {
				BUNDLE_LOADER = "$(TEST_HOST)";
				FRAMEWORK_SEARCH_PATHS = (
					"$(SDKROOT)/Developer/Library/Frameworks",
					"$(inherited)",
				);
				INFOPLIST_FILE = AnimationTests/Info.plist;
				LD_RUNPATH_SEARCH_PATHS = "$(inherited) @executable_path/Frameworks @loader_path/Frameworks";
				PRODUCT_NAME = "$(TARGET_NAME)";
				TEST_HOST = "$(BUILT_PRODUCTS_DIR)/Animation.app/Animation";
			};
			name = Release;
		};
/* End XCBuildConfiguration section */

/* Begin XCConfigurationList section */
		54E066181A827A59002F141B /* Build configuration list for PBXProject "Animation" */ = {
			isa = XCConfigurationList;
			buildConfigurations = (
				54E0663E1A827A5A002F141B /* Debug */,
				54E0663F1A827A5A002F141B /* Release */,
			);
			defaultConfigurationIsVisible = 0;
			defaultConfigurationName = Release;
		};
		54E066401A827A5A002F141B /* Build configuration list for PBXNativeTarget "Animation" */ = {
			isa = XCConfigurationList;
			buildConfigurations = (
				54E066411A827A5A002F141B /* Debug */,
				54E066421A827A5A002F141B /* Release */,
			);
			defaultConfigurationIsVisible = 0;
		};
		54E066431A827A5A002F141B /* Build configuration list for PBXNativeTarget "AnimationTests" */ = {
			isa = XCConfigurationList;
			buildConfigurations = (
				54E066441A827A5A002F141B /* Debug */,
				54E066451A827A5A002F141B /* Release */,
			);
			defaultConfigurationIsVisible = 0;
		};
/* End XCConfigurationList section */
	};
	rootObject = 54E066151A827A59002F141B /* Project object */;
}
